
Microsoft Visual Studio Solution File, Format Version 12.00
# Visual Studio 15
VisualStudioVersion = 15.0.28307.438
MinimumVisualStudioVersion = 10.0.40219.1
Project("{FAE04EC0-301F-11D3-BF4B-00C04F79EFBC}") = "OdeToFood", "OdeToFood\OdeToFood.csproj", "{D337619A-1DC3-4671-8540-5E8702E990B8}"
EndProject
Project("{FAE04EC0-301F-11D3-BF4B-00C04F79EFBC}") = "OdeToFood.Tests", "OdeToFood.Tests\OdeToFood.Tests.csproj", "{04BF4513-4117-4BFA-879F-C96A8CF71FA8}"
EndProject
Project("{00D1A9C2-B5F0-4AF3-8072-F6C62B433612}") = "Database1", "Database1\Database1.sqlproj", "{DE51381C-B80D-4D46-8993-CB97FFD3C2B1}"
EndProject
Global
	GlobalSection(SolutionConfigurationPlatforms) = preSolution
		Debug|Any CPU = Debug|Any CPU
		Release|Any CPU = Release|Any CPU
	EndGlobalSection
	GlobalSection(ProjectConfigurationPlatforms) = postSolution
		{D337619A-1DC3-4671-8540-5E8702E990B8}.Debug|Any CPU.ActiveCfg = Debug|Any CPU
		{D337619A-1DC3-4671-8540-5E8702E990B8}.Debug|Any CPU.Build.0 = Debug|Any CPU
		{D337619A-1DC3-4671-8540-5E8702E990B8}.Release|Any CPU.ActiveCfg = Release|Any CPU
		{D337619A-1DC3-4671-8540-5E8702E990B8}.Release|Any CPU.Build.0 = Release|Any CPU
		{04BF4513-4117-4BFA-879F-C96A8CF71FA8}.Debug|Any CPU.ActiveCfg = Debug|Any CPU
		{04BF4513-4117-4BFA-879F-C96A8CF71FA8}.Debug|Any CPU.Build.0 = Debug|Any CPU
		{04BF4513-4117-4BFA-879F-C96A8CF71FA8}.Release|Any CPU.ActiveCfg = Release|Any CPU
		{04BF4513-4117-4BFA-879F-C96A8CF71FA8}.Release|Any CPU.Build.0 = Release|Any CPU
		{DE51381C-B80D-4D46-8993-CB97FFD3C2B1}.Debug|Any CPU.ActiveCfg = Debug|Any CPU
		{DE51381C-B80D-4D46-8993-CB97FFD3C2B1}.Debug|Any CPU.Build.0 = Debug|Any CPU
		{DE51381C-B80D-4D46-8993-CB97FFD3C2B1}.Debug|Any CPU.Deploy.0 = Debug|Any CPU
		{DE51381C-B80D-4D46-8993-CB97FFD3C2B1}.Release|Any CPU.ActiveCfg = Release|Any CPU
		{DE51381C-B80D-4D46-8993-CB97FFD3C2B1}.Release|Any CPU.Build.0 = Release|Any CPU
		{DE51381C-B80D-4D46-8993-CB97FFD3C2B1}.Release|Any CPU.Deploy.0 = Release|Any CPU
	EndGlobalSection
	GlobalSection(SolutionProperties) = preSolution
		HideSolutionNode = FALSE
	EndGlobalSection
	GlobalSection(ExtensibilityGlobals) = postSolution
		SolutionGuid = {AE4AC75D-F163-43F0-BA94-B7A2467A3494}
	EndGlobalSection
EndGlobal
